
Microsoft Visual Studio Solution File, Format Version 12.00
# Visual Studio Version 16
VisualStudioVersion = 16.0.31205.175
MinimumVisualStudioVersion = 10.0.40219.1
Project("{FAE04EC0-301F-11D3-BF4B-00C04F79EFBC}") = "LINQTOSQL", "LINQTOSQL.csproj", "{8CCCE342-FF67-4D69-A477-D0B7BC5B645F}"
EndProject
Global
	GlobalSection(SolutionConfigurationPlatforms) = preSolution
		Debug|Any CPU = Debug|Any CPU
		Release|Any CPU = Release|Any CPU
	EndGlobalSection
	GlobalSection(ProjectConfigurationPlatforms) = postSolution
		{8CCCE342-FF67-4D69-A477-D0B7BC5B645F}.Debug|Any CPU.ActiveCfg = Debug|Any CPU
		{8CCCE342-FF67-4D69-A477-D0B7BC5B645F}.Debug|Any CPU.Build.0 = Debug|Any CPU
		{8CCCE342-FF67-4D69-A477-D0B7BC5B645F}.Release|Any CPU.ActiveCfg = Release|Any CPU
		{8CCCE342-FF67-4D69-A477-D0B7BC5B645F}.Release|Any CPU.Build.0 = Release|Any CPU
	EndGlobalSection
	GlobalSection(SolutionProperties) = preSolution
		HideSolutionNode = FALSE
	EndGlobalSection
	GlobalSection(ExtensibilityGlobals) = postSolution
		SolutionGuid = {B36DF596-C65C-45A5-938A-5DFE4B958806}
	EndGlobalSection
EndGlobal
